
Microsoft Visual Studio Solution File, Format Version 12.00
# Visual Studio Version 16
VisualStudioVersion = 16.0.30804.86
MinimumVisualStudioVersion = 10.0.40219.1
Project("{FAE04EC0-301F-11D3-BF4B-00C04F79EFBC}") = "TRUCKCOY", "TRUCKCOY\TRUCKCOY.csproj", "{0D0D622D-CFA2-49DF-B953-FD1DF5240407}"
EndProject
Project("{2150E333-8FDC-42A3-9474-1A3956D46DE8}") = "Solution Items", "Solution Items", "{C94BFD92-FF74-4B31-B053-69EB4F04B4E6}"
	ProjectSection(SolutionItems) = preProject
		.editorconfig = .editorconfig
	EndProjectSection
EndProject
Global
	GlobalSection(SolutionConfigurationPlatforms) = preSolution
		Debug|Any CPU = Debug|Any CPU
		Release|Any CPU = Release|Any CPU
	EndGlobalSection
	GlobalSection(ProjectConfigurationPlatforms) = postSolution
		{0D0D622D-CFA2-49DF-B953-FD1DF5240407}.Debug|Any CPU.ActiveCfg = Debug|Any CPU
		{0D0D622D-CFA2-49DF-B953-FD1DF5240407}.Debug|Any CPU.Build.0 = Debug|Any CPU
		{0D0D622D-CFA2-49DF-B953-FD1DF5240407}.Release|Any CPU.ActiveCfg = Release|Any CPU
		{0D0D622D-CFA2-49DF-B953-FD1DF5240407}.Release|Any CPU.Build.0 = Release|Any CPU
	EndGlobalSection
	GlobalSection(SolutionProperties) = preSolution
		HideSolutionNode = FALSE
	EndGlobalSection
	GlobalSection(ExtensibilityGlobals) = postSolution
		SolutionGuid = {BAE03CCA-573C-46B3-A49E-332E65232D9E}
	EndGlobalSection
EndGlobal
